// !$*UTF8*$!
{
	archiveVersion = 1;
	classes = {
	};
	objectVersion = 50;
	objects = {

/* Begin PBXBuildFile section */
		8B66BF3924B72293007EBDAC /* AppDelegate.swift in Sources */ = {isa = PBXBuildFile; fileRef = 8B66BF3824B72293007EBDAC /* AppDelegate.swift */; };
		8B66BF3B24B72293007EBDAC /* SceneDelegate.swift in Sources */ = {isa = PBXBuildFile; fileRef = 8B66BF3A24B72293007EBDAC /* SceneDelegate.swift */; };
		8B66BF3D24B72293007EBDAC /* ContentView.swift in Sources */ = {isa = PBXBuildFile; fileRef = 8B66BF3C24B72293007EBDAC /* ContentView.swift */; };
		8B66BF3F24B72296007EBDAC /* Assets.xcassets in Resources */ = {isa = PBXBuildFile; fileRef = 8B66BF3E24B72296007EBDAC /* Assets.xcassets */; };
		8B66BF4224B72296007EBDAC /* Preview Assets.xcassets in Resources */ = {isa = PBXBuildFile; fileRef = 8B66BF4124B72296007EBDAC /* Preview Assets.xcassets */; };
		8B66BF4524B72296007EBDAC /* LaunchScreen.storyboard in Resources */ = {isa = PBXBuildFile; fileRef = 8B66BF4324B72296007EBDAC /* LaunchScreen.storyboard */; };
		8B66BF5024B72296007EBDAC /* IOSProjectTests.swift in Sources */ = {isa = PBXBuildFile; fileRef = 8B66BF4F24B72296007EBDAC /* IOSProjectTests.swift */; };
		8B66BF5B24B72296007EBDAC /* IOSProjectUITests.swift in Sources */ = {isa = PBXBuildFile; fileRef = 8B66BF5A24B72296007EBDAC /* IOSProjectUITests.swift */; };
		8B66BF6A24B725DD007EBDAC /* Pokemon.swift in Sources */ = {isa = PBXBuildFile; fileRef = 8B66BF6924B725DD007EBDAC /* Pokemon.swift */; };
		8B66BF6E24B734C7007EBDAC /* NewElementForm.swift in Sources */ = {isa = PBXBuildFile; fileRef = 8B66BF6D24B734C7007EBDAC /* NewElementForm.swift */; };
		8B66BF7024B73871007EBDAC /* CollectionOverview.swift in Sources */ = {isa = PBXBuildFile; fileRef = 8B66BF6F24B73871007EBDAC /* CollectionOverview.swift */; };
		8B66BF7624B76646007EBDAC /* ImagePicker.swift in Sources */ = {isa = PBXBuildFile; fileRef = 8B66BF7524B76646007EBDAC /* ImagePicker.swift */; };
		8B66BF7824B76BCA007EBDAC /* PhotoCaptureView.swift in Sources */ = {isa = PBXBuildFile; fileRef = 8B66BF7724B76BCA007EBDAC /* PhotoCaptureView.swift */; };
		8BB9F5A624B8A43E001D8629 /* PokemonDescriptionView.swift in Sources */ = {isa = PBXBuildFile; fileRef = 8BB9F5A524B8A43E001D8629 /* PokemonDescriptionView.swift */; };
		8BC2D24D24B9B14600F76067 /* DataModel.xcdatamodeld in Sources */ = {isa = PBXBuildFile; fileRef = 8BC2D24B24B9B14600F76067 /* DataModel.xcdatamodeld */; };
/* End PBXBuildFile section */

/* Begin PBXContainerItemProxy section */
		8B66BF4C24B72296007EBDAC /* PBXContainerItemProxy */ = {
			isa = PBXContainerItemProxy;
			containerPortal = 8B66BF2D24B72293007EBDAC /* Project object */;
			proxyType = 1;
			remoteGlobalIDString = 8B66BF3424B72293007EBDAC;
			remoteInfo = IOSProject;
		};
		8B66BF5724B72296007EBDAC /* PBXContainerItemProxy */ = {
			isa = PBXContainerItemProxy;
			containerPortal = 8B66BF2D24B72293007EBDAC /* Project object */;
			proxyType = 1;
			remoteGlobalIDString = 8B66BF3424B72293007EBDAC;
			remoteInfo = IOSProject;
		};
/* End PBXContainerItemProxy section */

/* Begin PBXFileReference section */
		8B66BF3524B72293007EBDAC /* IOSProject.app */ = {isa = PBXFileReference; explicitFileType = wrapper.application; includeInIndex = 0; path = IOSProject.app; sourceTree = BUILT_PRODUCTS_DIR; };
		8B66BF3824B72293007EBDAC /* AppDelegate.swift */ = {isa = PBXFileReference; lastKnownFileType = sourcecode.swift; path = AppDelegate.swift; sourceTree = "<group>"; };
		8B66BF3A24B72293007EBDAC /* SceneDelegate.swift */ = {isa = PBXFileReference; lastKnownFileType = sourcecode.swift; path = SceneDelegate.swift; sourceTree = "<group>"; };
		8B66BF3C24B72293007EBDAC /* ContentView.swift */ = {isa = PBXFileReference; lastKnownFileType = sourcecode.swift; path = ContentView.swift; sourceTree = "<group>"; };
		8B66BF3E24B72296007EBDAC /* Assets.xcassets */ = {isa = PBXFileReference; lastKnownFileType = folder.assetcatalog; path = Assets.xcassets; sourceTree = "<group>"; };
		8B66BF4124B72296007EBDAC /* Preview Assets.xcassets */ = {isa = PBXFileReference; lastKnownFileType = folder.assetcatalog; path = "Preview Assets.xcassets"; sourceTree = "<group>"; };
		8B66BF4424B72296007EBDAC /* Base */ = {isa = PBXFileReference; lastKnownFileType = file.storyboard; name = Base; path = Base.lproj/LaunchScreen.storyboard; sourceTree = "<group>"; };
		8B66BF4624B72296007EBDAC /* Info.plist */ = {isa = PBXFileReference; lastKnownFileType = text.plist.xml; path = Info.plist; sourceTree = "<group>"; };
		8B66BF4B24B72296007EBDAC /* IOSProjectTests.xctest */ = {isa = PBXFileReference; explicitFileType = wrapper.cfbundle; includeInIndex = 0; path = IOSProjectTests.xctest; sourceTree = BUILT_PRODUCTS_DIR; };
		8B66BF4F24B72296007EBDAC /* IOSProjectTests.swift */ = {isa = PBXFileReference; lastKnownFileType = sourcecode.swift; path = IOSProjectTests.swift; sourceTree = "<group>"; };
		8B66BF5124B72296007EBDAC /* Info.plist */ = {isa = PBXFileReference; lastKnownFileType = text.plist.xml; path = Info.plist; sourceTree = "<group>"; };
		8B66BF5624B72296007EBDAC /* IOSProjectUITests.xctest */ = {isa = PBXFileReference; explicitFileType = wrapper.cfbundle; includeInIndex = 0; path = IOSProjectUITests.xctest; sourceTree = BUILT_PRODUCTS_DIR; };
		8B66BF5A24B72296007EBDAC /* IOSProjectUITests.swift */ = {isa = PBXFileReference; lastKnownFileType = sourcecode.swift; path = IOSProjectUITests.swift; sourceTree = "<group>"; };
		8B66BF5C24B72296007EBDAC /* Info.plist */ = {isa = PBXFileReference; lastKnownFileType = text.plist.xml; path = Info.plist; sourceTree = "<group>"; };
		8B66BF6924B725DD007EBDAC /* Pokemon.swift */ = {isa = PBXFileReference; lastKnownFileType = sourcecode.swift; path = Pokemon.swift; sourceTree = "<group>"; };
		8B66BF6D24B734C7007EBDAC /* NewElementForm.swift */ = {isa = PBXFileReference; lastKnownFileType = sourcecode.swift; path = NewElementForm.swift; sourceTree = "<group>"; };
		8B66BF6F24B73871007EBDAC /* CollectionOverview.swift */ = {isa = PBXFileReference; lastKnownFileType = sourcecode.swift; path = CollectionOverview.swift; sourceTree = "<group>"; };
		8B66BF7524B76646007EBDAC /* ImagePicker.swift */ = {isa = PBXFileReference; lastKnownFileType = sourcecode.swift; path = ImagePicker.swift; sourceTree = "<group>"; };
		8B66BF7724B76BCA007EBDAC /* PhotoCaptureView.swift */ = {isa = PBXFileReference; lastKnownFileType = sourcecode.swift; path = PhotoCaptureView.swift; sourceTree = "<group>"; };
		8BB9F5A524B8A43E001D8629 /* PokemonDescriptionView.swift */ = {isa = PBXFileReference; lastKnownFileType = sourcecode.swift; path = PokemonDescriptionView.swift; sourceTree = "<group>"; };
		8BC2D24C24B9B14600F76067 /* DataModel.xcdatamodel */ = {isa = PBXFileReference; lastKnownFileType = wrapper.xcdatamodel; path = DataModel.xcdatamodel; sourceTree = "<group>"; };
/* End PBXFileReference section */

/* Begin PBXFrameworksBuildPhase section */
		8B66BF3224B72293007EBDAC /* Frameworks */ = {
			isa = PBXFrameworksBuildPhase;
			buildActionMask = 2147483647;
			files = (
			);
			runOnlyForDeploymentPostprocessing = 0;
		};
		8B66BF4824B72296007EBDAC /* Frameworks */ = {
			isa = PBXFrameworksBuildPhase;
			buildActionMask = 2147483647;
			files = (
			);
			runOnlyForDeploymentPostprocessing = 0;
		};
		8B66BF5324B72296007EBDAC /* Frameworks */ = {
			isa = PBXFrameworksBuildPhase;
			buildActionMask = 2147483647;
			files = (
			);
			runOnlyForDeploymentPostprocessing = 0;
		};
/* End PBXFrameworksBuildPhase section */

/* Begin PBXGroup section */
		8B66BF2C24B72293007EBDAC = {
			isa = PBXGroup;
			children = (
				8B66BF3724B72293007EBDAC /* IOSProject */,
				8B66BF4E24B72296007EBDAC /* IOSProjectTests */,
				8B66BF5924B72296007EBDAC /* IOSProjectUITests */,
				8B66BF3624B72293007EBDAC /* Products */,
			);
			sourceTree = "<group>";
		};
		8B66BF3624B72293007EBDAC /* Products */ = {
			isa = PBXGroup;
			children = (
				8B66BF3524B72293007EBDAC /* IOSProject.app */,
				8B66BF4B24B72296007EBDAC /* IOSProjectTests.xctest */,
				8B66BF5624B72296007EBDAC /* IOSProjectUITests.xctest */,
			);
			name = Products;
			sourceTree = "<group>";
		};
		8B66BF3724B72293007EBDAC /* IOSProject */ = {
			isa = PBXGroup;
			children = (
				8B66BF6824B7251A007EBDAC /* Models */,
				8B66BF3824B72293007EBDAC /* AppDelegate.swift */,
				8B66BF3A24B72293007EBDAC /* SceneDelegate.swift */,
				8B66BF3E24B72296007EBDAC /* Assets.xcassets */,
				8B66BF4324B72296007EBDAC /* LaunchScreen.storyboard */,
				8B66BF4624B72296007EBDAC /* Info.plist */,
				8B66BF4024B72296007EBDAC /* Preview Content */,
				8B66BF3C24B72293007EBDAC /* ContentView.swift */,
				8B66BF6F24B73871007EBDAC /* CollectionOverview.swift */,
				8B66BF6D24B734C7007EBDAC /* NewElementForm.swift */,
				8B66BF7524B76646007EBDAC /* ImagePicker.swift */,
				8B66BF7724B76BCA007EBDAC /* PhotoCaptureView.swift */,
				8BB9F5A524B8A43E001D8629 /* PokemonDescriptionView.swift */,
				8BC2D24B24B9B14600F76067 /* DataModel.xcdatamodeld */,
			);
			path = IOSProject;
			sourceTree = "<group>";
		};
		8B66BF4024B72296007EBDAC /* Preview Content */ = {
			isa = PBXGroup;
			children = (
				8B66BF4124B72296007EBDAC /* Preview Assets.xcassets */,
			);
			path = "Preview Content";
			sourceTree = "<group>";
		};
		8B66BF4E24B72296007EBDAC /* IOSProjectTests */ = {
			isa = PBXGroup;
			children = (
				8B66BF4F24B72296007EBDAC /* IOSProjectTests.swift */,
				8B66BF5124B72296007EBDAC /* Info.plist */,
			);
			path = IOSProjectTests;
			sourceTree = "<group>";
		};
		8B66BF5924B72296007EBDAC /* IOSProjectUITests */ = {
			isa = PBXGroup;
			children = (
				8B66BF5A24B72296007EBDAC /* IOSProjectUITests.swift */,
				8B66BF5C24B72296007EBDAC /* Info.plist */,
			);
			path = IOSProjectUITests;
			sourceTree = "<group>";
		};
		8B66BF6824B7251A007EBDAC /* Models */ = {
			isa = PBXGroup;
			children = (
				8B66BF6924B725DD007EBDAC /* Pokemon.swift */,
			);
			path = Models;
			sourceTree = "<group>";
		};
/* End PBXGroup section */

/* Begin PBXNativeTarget section */
		8B66BF3424B72293007EBDAC /* IOSProject */ = {
			isa = PBXNativeTarget;
			buildConfigurationList = 8B66BF5F24B72296007EBDAC /* Build configuration list for PBXNativeTarget "IOSProject" */;
			buildPhases = (
				8B66BF3124B72293007EBDAC /* Sources */,
				8B66BF3224B72293007EBDAC /* Frameworks */,
				8B66BF3324B72293007EBDAC /* Resources */,
			);
			buildRules = (
			);
			dependencies = (
			);
			name = IOSProject;
			productName = IOSProject;
			productReference = 8B66BF3524B72293007EBDAC /* IOSProject.app */;
			productType = "com.apple.product-type.application";
		};
		8B66BF4A24B72296007EBDAC /* IOSProjectTests */ = {
			isa = PBXNativeTarget;
			buildConfigurationList = 8B66BF6224B72296007EBDAC /* Build configuration list for PBXNativeTarget "IOSProjectTests" */;
			buildPhases = (
				8B66BF4724B72296007EBDAC /* Sources */,
				8B66BF4824B72296007EBDAC /* Frameworks */,
				8B66BF4924B72296007EBDAC /* Resources */,
			);
			buildRules = (
			);
			dependencies = (
				8B66BF4D24B72296007EBDAC /* PBXTargetDependency */,
			);
			name = IOSProjectTests;
			productName = IOSProjectTests;
			productReference = 8B66BF4B24B72296007EBDAC /* IOSProjectTests.xctest */;
			productType = "com.apple.product-type.bundle.unit-test";
		};
		8B66BF5524B72296007EBDAC /* IOSProjectUITests */ = {
			isa = PBXNativeTarget;
			buildConfigurationList = 8B66BF6524B72296007EBDAC /* Build configuration list for PBXNativeTarget "IOSProjectUITests" */;
			buildPhases = (
				8B66BF5224B72296007EBDAC /* Sources */,
				8B66BF5324B72296007EBDAC /* Frameworks */,
				8B66BF5424B72296007EBDAC /* Resources */,
			);
			buildRules = (
			);
			dependencies = (
				8B66BF5824B72296007EBDAC /* PBXTargetDependency */,
			);
			name = IOSProjectUITests;
			productName = IOSProjectUITests;
			productReference = 8B66BF5624B72296007EBDAC /* IOSProjectUITests.xctest */;
			productType = "com.apple.product-type.bundle.ui-testing";
		};
/* End PBXNativeTarget section */

/* Begin PBXProject section */
		8B66BF2D24B72293007EBDAC /* Project object */ = {
			isa = PBXProject;
			attributes = {
				LastSwiftUpdateCheck = 1130;
				LastUpgradeCheck = 1130;
				ORGANIZATIONNAME = Developer;
				TargetAttributes = {
					8B66BF3424B72293007EBDAC = {
						CreatedOnToolsVersion = 11.3.1;
					};
					8B66BF4A24B72296007EBDAC = {
						CreatedOnToolsVersion = 11.3.1;
						TestTargetID = 8B66BF3424B72293007EBDAC;
					};
					8B66BF5524B72296007EBDAC = {
						CreatedOnToolsVersion = 11.3.1;
						TestTargetID = 8B66BF3424B72293007EBDAC;
					};
				};
			};
			buildConfigurationList = 8B66BF3024B72293007EBDAC /* Build configuration list for PBXProject "IOSProject" */;
			compatibilityVersion = "Xcode 9.3";
			developmentRegion = en;
			hasScannedForEncodings = 0;
			knownRegions = (
				en,
				Base,
			);
			mainGroup = 8B66BF2C24B72293007EBDAC;
			productRefGroup = 8B66BF3624B72293007EBDAC /* Products */;
			projectDirPath = "";
			projectRoot = "";
			targets = (
				8B66BF3424B72293007EBDAC /* IOSProject */,
				8B66BF4A24B72296007EBDAC /* IOSProjectTests */,
				8B66BF5524B72296007EBDAC /* IOSProjectUITests */,
			);
		};
/* End PBXProject section */

/* Begin PBXResourcesBuildPhase section */
		8B66BF3324B72293007EBDAC /* Resources */ = {
			isa = PBXResourcesBuildPhase;
			buildActionMask = 2147483647;
			files = (
				8B66BF4524B72296007EBDAC /* LaunchScreen.storyboard in Resources */,
				8B66BF4224B72296007EBDAC /* Preview Assets.xcassets in Resources */,
				8B66BF3F24B72296007EBDAC /* Assets.xcassets in Resources */,
			);
			runOnlyForDeploymentPostprocessing = 0;
		};
		8B66BF4924B72296007EBDAC /* Resources */ = {
			isa = PBXResourcesBuildPhase;
			buildActionMask = 2147483647;
			files = (
			);
			runOnlyForDeploymentPostprocessing = 0;
		};
		8B66BF5424B72296007EBDAC /* Resources */ = {
			isa = PBXResourcesBuildPhase;
			buildActionMask = 2147483647;
			files = (
			);
			runOnlyForDeploymentPostprocessing = 0;
		};
/* End PBXResourcesBuildPhase section */

/* Begin PBXSourcesBuildPhase section */
		8B66BF3124B72293007EBDAC /* Sources */ = {
			isa = PBXSourcesBuildPhase;
			buildActionMask = 2147483647;
			files = (
				8B66BF3924B72293007EBDAC /* AppDelegate.swift in Sources */,
				8B66BF7024B73871007EBDAC /* CollectionOverview.swift in Sources */,
				8BB9F5A624B8A43E001D8629 /* PokemonDescriptionView.swift in Sources */,
				8B66BF7824B76BCA007EBDAC /* PhotoCaptureView.swift in Sources */,
				8B66BF6A24B725DD007EBDAC /* Pokemon.swift in Sources */,
				8B66BF6E24B734C7007EBDAC /* NewElementForm.swift in Sources */,
				8B66BF7624B76646007EBDAC /* ImagePicker.swift in Sources */,
				8BC2D24D24B9B14600F76067 /* DataModel.xcdatamodeld in Sources */,
				8B66BF3B24B72293007EBDAC /* SceneDelegate.swift in Sources */,
				8B66BF3D24B72293007EBDAC /* ContentView.swift in Sources */,
			);
			runOnlyForDeploymentPostprocessing = 0;
		};
		8B66BF4724B72296007EBDAC /* Sources */ = {
			isa = PBXSourcesBuildPhase;
			buildActionMask = 2147483647;
			files = (
				8B66BF5024B72296007EBDAC /* IOSProjectTests.swift in Sources */,
			);
			runOnlyForDeploymentPostprocessing = 0;
		};
		8B66BF5224B72296007EBDAC /* Sources */ = {
			isa = PBXSourcesBuildPhase;
			buildActionMask = 2147483647;
			files = (
				8B66BF5B24B72296007EBDAC /* IOSProjectUITests.swift in Sources */,
			);
			runOnlyForDeploymentPostprocessing = 0;
		};
/* End PBXSourcesBuildPhase section */

/* Begin PBXTargetDependency section */
		8B66BF4D24B72296007EBDAC /* PBXTargetDependency */ = {
			isa = PBXTargetDependency;
			target = 8B66BF3424B72293007EBDAC /* IOSProject */;
			targetProxy = 8B66BF4C24B72296007EBDAC /* PBXContainerItemProxy */;
		};
		8B66BF5824B72296007EBDAC /* PBXTargetDependency */ = {
			isa = PBXTargetDependency;
			target = 8B66BF3424B72293007EBDAC /* IOSProject */;
			targetProxy = 8B66BF5724B72296007EBDAC /* PBXContainerItemProxy */;
		};
/* End PBXTargetDependency section */

/* Begin PBXVariantGroup section */
		8B66BF4324B72296007EBDAC /* LaunchScreen.storyboard */ = {
			isa = PBXVariantGroup;
			children = (
				8B66BF4424B72296007EBDAC /* Base */,
			);
			name = LaunchScreen.storyboard;
			sourceTree = "<group>";
		};
/* End PBXVariantGroup section */

/* Begin XCBuildConfiguration section */
		8B66BF5D24B72296007EBDAC /* Debug */ = {
			isa = XCBuildConfiguration;
			buildSettings = {
				ALWAYS_SEARCH_USER_PATHS = NO;
				CLANG_ANALYZER_NONNULL = YES;
				CLANG_ANALYZER_NUMBER_OBJECT_CONVERSION = YES_AGGRESSIVE;
				CLANG_CXX_LANGUAGE_STANDARD = "gnu++14";
				CLANG_CXX_LIBRARY = "libc++";
				CLANG_ENABLE_MODULES = YES;
				CLANG_ENABLE_OBJC_ARC = YES;
				CLANG_ENABLE_OBJC_WEAK = YES;
				CLANG_WARN_BLOCK_CAPTURE_AUTORELEASING = YES;
				CLANG_WARN_BOOL_CONVERSION = YES;
				CLANG_WARN_COMMA = YES;
				CLANG_WARN_CONSTANT_CONVERSION = YES;
				CLANG_WARN_DEPRECATED_OBJC_IMPLEMENTATIONS = YES;
				CLANG_WARN_DIRECT_OBJC_ISA_USAGE = YES_ERROR;
				CLANG_WARN_DOCUMENTATION_COMMENTS = YES;
				CLANG_WARN_EMPTY_BODY = YES;
				CLANG_WARN_ENUM_CONVERSION = YES;
				CLANG_WARN_INFINITE_RECURSION = YES;
				CLANG_WARN_INT_CONVERSION = YES;
				CLANG_WARN_NON_LITERAL_NULL_CONVERSION = YES;
				CLANG_WARN_OBJC_IMPLICIT_RETAIN_SELF = YES;
				CLANG_WARN_OBJC_LITERAL_CONVERSION = YES;
				CLANG_WARN_OBJC_ROOT_CLASS = YES_ERROR;
				CLANG_WARN_RANGE_LOOP_ANALYSIS = YES;
				CLANG_WARN_STRICT_PROTOTYPES = YES;
				CLANG_WARN_SUSPICIOUS_MOVE = YES;
				CLANG_WARN_UNGUARDED_AVAILABILITY = YES_AGGRESSIVE;
				CLANG_WARN_UNREACHABLE_CODE = YES;
				CLANG_WARN__DUPLICATE_METHOD_MATCH = YES;
				COPY_PHASE_STRIP = NO;
				DEBUG_INFORMATION_FORMAT = dwarf;
				ENABLE_STRICT_OBJC_MSGSEND = YES;
				ENABLE_TESTABILITY = YES;
				GCC_C_LANGUAGE_STANDARD = gnu11;
				GCC_DYNAMIC_NO_PIC = NO;
				GCC_NO_COMMON_BLOCKS = YES;
				GCC_OPTIMIZATION_LEVEL = 0;
				GCC_PREPROCESSOR_DEFINITIONS = (
					"DEBUG=1",
					"$(inherited)",
				);
				GCC_WARN_64_TO_32_BIT_CONVERSION = YES;
				GCC_WARN_ABOUT_RETURN_TYPE = YES_ERROR;
				GCC_WARN_UNDECLARED_SELECTOR = YES;
				GCC_WARN_UNINITIALIZED_AUTOS = YES_AGGRESSIVE;
				GCC_WARN_UNUSED_FUNCTION = YES;
				GCC_WARN_UNUSED_VARIABLE = YES;
				IPHONEOS_DEPLOYMENT_TARGET = 13.2;
				MTL_ENABLE_DEBUG_INFO = INCLUDE_SOURCE;
				MTL_FAST_MATH = YES;
				ONLY_ACTIVE_ARCH = YES;
				SDKROOT = iphoneos;
				SWIFT_ACTIVE_COMPILATION_CONDITIONS = DEBUG;
				SWIFT_OPTIMIZATION_LEVEL = "-Onone";
			};
			name = Debug;
		};
		8B66BF5E24B72296007EBDAC /* Release */ = {
			isa = XCBuildConfiguration;
			buildSettings = {
				ALWAYS_SEARCH_USER_PATHS = NO;
				CLANG_ANALYZER_NONNULL = YES;
				CLANG_ANALYZER_NUMBER_OBJECT_CONVERSION = YES_AGGRESSIVE;
				CLANG_CXX_LANGUAGE_STANDARD = "gnu++14";
				CLANG_CXX_LIBRARY = "libc++";
				CLANG_ENABLE_MODULES = YES;
				CLANG_ENABLE_OBJC_ARC = YES;
				CLANG_ENABLE_OBJC_WEAK = YES;
				CLANG_WARN_BLOCK_CAPTURE_AUTORELEASING = YES;
				CLANG_WARN_BOOL_CONVERSION = YES;
				CLANG_WARN_COMMA = YES;
				CLANG_WARN_CONSTANT_CONVERSION = YES;
				CLANG_WARN_DEPRECATED_OBJC_IMPLEMENTATIONS = YES;
				CLANG_WARN_DIRECT_OBJC_ISA_USAGE = YES_ERROR;
				CLANG_WARN_DOCUMENTATION_COMMENTS = YES;
				CLANG_WARN_EMPTY_BODY = YES;
				CLANG_WARN_ENUM_CONVERSION = YES;
				CLANG_WARN_INFINITE_RECURSION = YES;
				CLANG_WARN_INT_CONVERSION = YES;
				CLANG_WARN_NON_LITERAL_NULL_CONVERSION = YES;
				CLANG_WARN_OBJC_IMPLICIT_RETAIN_SELF = YES;
				CLANG_WARN_OBJC_LITERAL_CONVERSION = YES;
				CLANG_WARN_OBJC_ROOT_CLASS = YES_ERROR;
				CLANG_WARN_RANGE_LOOP_ANALYSIS = YES;
				CLANG_WARN_STRICT_PROTOTYPES = YES;
				CLANG_WARN_SUSPICIOUS_MOVE = YES;
				CLANG_WARN_UNGUARDED_AVAILABILITY = YES_AGGRESSIVE;
				CLANG_WARN_UNREACHABLE_CODE = YES;
				CLANG_WARN__DUPLICATE_METHOD_MATCH = YES;
				COPY_PHASE_STRIP = NO;
				DEBUG_INFORMATION_FORMAT = "dwarf-with-dsym";
				ENABLE_NS_ASSERTIONS = NO;
				ENABLE_STRICT_OBJC_MSGSEND = YES;
				GCC_C_LANGUAGE_STANDARD = gnu11;
				GCC_NO_COMMON_BLOCKS = YES;
				GCC_WARN_64_TO_32_BIT_CONVERSION = YES;
				GCC_WARN_ABOUT_RETURN_TYPE = YES_ERROR;
				GCC_WARN_UNDECLARED_SELECTOR = YES;
				GCC_WARN_UNINITIALIZED_AUTOS = YES_AGGRESSIVE;
				GCC_WARN_UNUSED_FUNCTION = YES;
				GCC_WARN_UNUSED_VARIABLE = YES;
				IPHONEOS_DEPLOYMENT_TARGET = 13.2;
				MTL_ENABLE_DEBUG_INFO = NO;
				MTL_FAST_MATH = YES;
				SDKROOT = iphoneos;
				SWIFT_COMPILATION_MODE = wholemodule;
				SWIFT_OPTIMIZATION_LEVEL = "-O";
				VALIDATE_PRODUCT = YES;
			};
			name = Release;
		};
		8B66BF6024B72296007EBDAC /* Debug */ = {
			isa = XCBuildConfiguration;
			buildSettings = {
				ASSETCATALOG_COMPILER_APPICON_NAME = AppIcon;
				CODE_SIGN_STYLE = Automatic;
				DEVELOPMENT_ASSET_PATHS = "\"IOSProject/Preview Content\"";
				ENABLE_PREVIEWS = YES;
				INFOPLIST_FILE = IOSProject/Info.plist;
				LD_RUNPATH_SEARCH_PATHS = (
					"$(inherited)",
					"@executable_path/Frameworks",
				);
				PRODUCT_BUNDLE_IDENTIFIER = me.IOSProject;
				PRODUCT_NAME = "$(TARGET_NAME)";
				SWIFT_VERSION = 5.0;
				TARGETED_DEVICE_FAMILY = "1,2";
			};
			name = Debug;
		};
		8B66BF6124B72296007EBDAC /* Release */ = {
			isa = XCBuildConfiguration;
			buildSettings = {
				ASSETCATALOG_COMPILER_APPICON_NAME = AppIcon;
				CODE_SIGN_STYLE = Automatic;
				DEVELOPMENT_ASSET_PATHS = "\"IOSProject/Preview Content\"";
				ENABLE_PREVIEWS = YES;
				INFOPLIST_FILE = IOSProject/Info.plist;
				LD_RUNPATH_SEARCH_PATHS = (
					"$(inherited)",
					"@executable_path/Frameworks",
				);
				PRODUCT_BUNDLE_IDENTIFIER = me.IOSProject;
				PRODUCT_NAME = "$(TARGET_NAME)";
				SWIFT_VERSION = 5.0;
				TARGETED_DEVICE_FAMILY = "1,2";
			};
			name = Release;
		};
		8B66BF6324B72296007EBDAC /* Debug */ = {
			isa = XCBuildConfiguration;
			buildSettings = {
				ALWAYS_EMBED_SWIFT_STANDARD_LIBRARIES = YES;
				BUNDLE_LOADER = "$(TEST_HOST)";
				CODE_SIGN_STYLE = Automatic;
				INFOPLIST_FILE = IOSProjectTests/Info.plist;
				IPHONEOS_DEPLOYMENT_TARGET = 13.2;
				LD_RUNPATH_SEARCH_PATHS = (
					"$(inherited)",
					"@executable_path/Frameworks",
					"@loader_path/Frameworks",
				);
				PRODUCT_BUNDLE_IDENTIFIER = me.IOSProjectTests;
				PRODUCT_NAME = "$(TARGET_NAME)";
				SWIFT_VERSION = 5.0;
				TARGETED_DEVICE_FAMILY = "1,2";
				TEST_HOST = "$(BUILT_PRODUCTS_DIR)/IOSProject.app/IOSProject";
			};
			name = Debug;
		};
		8B66BF6424B72296007EBDAC /* Release */ = {
			isa = XCBuildConfiguration;
			buildSettings = {
				ALWAYS_EMBED_SWIFT_STANDARD_LIBRARIES = YES;
				BUNDLE_LOADER = "$(TEST_HOST)";
				CODE_SIGN_STYLE = Automatic;
				INFOPLIST_FILE = IOSProjectTests/Info.plist;
				IPHONEOS_DEPLOYMENT_TARGET = 13.2;
				LD_RUNPATH_SEARCH_PATHS = (
					"$(inherited)",
					"@executable_path/Frameworks",
					"@loader_path/Frameworks",
				);
				PRODUCT_BUNDLE_IDENTIFIER = me.IOSProjectTests;
				PRODUCT_NAME = "$(TARGET_NAME)";
				SWIFT_VERSION = 5.0;
				TARGETED_DEVICE_FAMILY = "1,2";
				TEST_HOST = "$(BUILT_PRODUCTS_DIR)/IOSProject.app/IOSProject";
			};
			name = Release;
		};
		8B66BF6624B72296007EBDAC /* Debug */ = {
			isa = XCBuildConfiguration;
			buildSettings = {
				ALWAYS_EMBED_SWIFT_STANDARD_LIBRARIES = YES;
				CODE_SIGN_STYLE = Automatic;
				INFOPLIST_FILE = IOSProjectUITests/Info.plist;
				LD_RUNPATH_SEARCH_PATHS = (
					"$(inherited)",
					"@executable_path/Frameworks",
					"@loader_path/Frameworks",
				);
				PRODUCT_BUNDLE_IDENTIFIER = me.IOSProjectUITests;
				PRODUCT_NAME = "$(TARGET_NAME)";
				SWIFT_VERSION = 5.0;
				TARGETED_DEVICE_FAMILY = "1,2";
				TEST_TARGET_NAME = IOSProject;
			};
			name = Debug;
		};
		8B66BF6724B72296007EBDAC /* Release */ = {
			isa = XCBuildConfiguration;
			buildSettings = {
				ALWAYS_EMBED_SWIFT_STANDARD_LIBRARIES = YES;
				CODE_SIGN_STYLE = Automatic;
				INFOPLIST_FILE = IOSProjectUITests/Info.plist;
				LD_RUNPATH_SEARCH_PATHS = (
					"$(inherited)",
					"@executable_path/Frameworks",
					"@loader_path/Frameworks",
				);
				PRODUCT_BUNDLE_IDENTIFIER = me.IOSProjectUITests;
				PRODUCT_NAME = "$(TARGET_NAME)";
				SWIFT_VERSION = 5.0;
				TARGETED_DEVICE_FAMILY = "1,2";
				TEST_TARGET_NAME = IOSProject;
			};
			name = Release;
		};
/* End XCBuildConfiguration section */

/* Begin XCConfigurationList section */
		8B66BF3024B72293007EBDAC /* Build configuration list for PBXProject "IOSProject" */ = {
			isa = XCConfigurationList;
			buildConfigurations = (
				8B66BF5D24B72296007EBDAC /* Debug */,
				8B66BF5E24B72296007EBDAC /* Release */,
			);
			defaultConfigurationIsVisible = 0;
			defaultConfigurationName = Release;
		};
		8B66BF5F24B72296007EBDAC /* Build configuration list for PBXNativeTarget "IOSProject" */ = {
			isa = XCConfigurationList;
			buildConfigurations = (
				8B66BF6024B72296007EBDAC /* Debug */,
				8B66BF6124B72296007EBDAC /* Release */,
			);
			defaultConfigurationIsVisible = 0;
			defaultConfigurationName = Release;
		};
		8B66BF6224B72296007EBDAC /* Build configuration list for PBXNativeTarget "IOSProjectTests" */ = {
			isa = XCConfigurationList;
			buildConfigurations = (
				8B66BF6324B72296007EBDAC /* Debug */,
				8B66BF6424B72296007EBDAC /* Release */,
			);
			defaultConfigurationIsVisible = 0;
			defaultConfigurationName = Release;
		};
		8B66BF6524B72296007EBDAC /* Build configuration list for PBXNativeTarget "IOSProjectUITests" */ = {
			isa = XCConfigurationList;
			buildConfigurations = (
				8B66BF6624B72296007EBDAC /* Debug */,
				8B66BF6724B72296007EBDAC /* Release */,
			);
			defaultConfigurationIsVisible = 0;
			defaultConfigurationName = Release;
		};
/* End XCConfigurationList section */

/* Begin XCVersionGroup section */
		8BC2D24B24B9B14600F76067 /* DataModel.xcdatamodeld */ = {
			isa = XCVersionGroup;
			children = (
				8BC2D24C24B9B14600F76067 /* DataModel.xcdatamodel */,
			);
			currentVersion = 8BC2D24C24B9B14600F76067 /* DataModel.xcdatamodel */;
			path = DataModel.xcdatamodeld;
			sourceTree = "<group>";
			versionGroupType = wrapper.xcdatamodel;
		};
/* End XCVersionGroup section */
	};
	rootObject = 8B66BF2D24B72293007EBDAC /* Project object */;
}
